{
  "name": "gganbu",
  "version": "1.0.0",
  "lockfileVersion": 1,
  "requires": true,
  "dependencies": {
    "@types/pluralize": {
      "version": "0.0.29",
      "resolved": "https://registry.npmjs.org/@types/pluralize/-/pluralize-0.0.29.tgz",
      "integrity": "sha512-BYOID+l2Aco2nBik+iYS4SZX0Lf20KPILP5RGmM1IgzdwNdTs0eebiFriOPcej1sX9mLnSoiNte5zcFxssgpGA==",
      "dev": true
    },
    "anymatch": {
      "version": "3.1.2",
      "resolved": "https://registry.npmjs.org/anymatch/-/anymatch-3.1.2.tgz",
      "integrity": "sha512-P43ePfOAIupkguHUycrc4qJ9kz8ZiuOUijaETwX7THt0Y/GNK7v0aa8rY816xWjZ7rJdA5XdMcpVFTKMq+RvWg==",
      "requires": {
        "normalize-path": "^3.0.0",
        "picomatch": "^2.0.4"
      }
    },
    "axios": {
      "version": "0.24.0",
      "resolved": "https://registry.npmjs.org/axios/-/axios-0.24.0.tgz",
      "integrity": "sha512-Q6cWsys88HoPgAaFAVUb0WpPk0O8iTeisR9IMqy9G8AbO4NlpVknrnQS03zzF9PGAWgO3cgletO3VjV/P7VztA==",
      "requires": {
        "follow-redirects": "^1.14.4"
      }
    },
    "binary-extensions": {
      "version": "2.2.0",
      "resolved": "https://registry.npmjs.org/binary-extensions/-/binary-extensions-2.2.0.tgz",
      "integrity": "sha512-jDctJ/IVQbZoJykoeHbhXpOlNBqGNcwXJKJog42E5HDPUwQTSdjCHdihjj0DlnheQ7blbT6dHOafNAiS8ooQKA=="
    },
    "braces": {
      "version": "3.0.2",
      "resolved": "https://registry.npmjs.org/braces/-/braces-3.0.2.tgz",
      "integrity": "sha512-b8um+L1RzM3WDSzvhm6gIz1yfTbBt6YTlcEKAvsmqCZZFw46z626lVj9j1yEPW33H5H+lBQpZMP1k8l+78Ha0A==",
      "requires": {
        "fill-range": "^7.0.1"
      }
    },
    "chalk": {
      "version": "5.0.0",
      "resolved": "https://registry.npmjs.org/chalk/-/chalk-5.0.0.tgz",
      "integrity": "sha512-/duVOqst+luxCQRKEo4bNxinsOQtMP80ZYm7mMqzuh5PociNL0PvmHFvREJ9ueYL2TxlHjBcmLCdmocx9Vg+IQ=="
    },
    "chokidar": {
      "version": "3.5.2",
      "resolved": "https://registry.npmjs.org/chokidar/-/chokidar-3.5.2.tgz",
      "integrity": "sha512-ekGhOnNVPgT77r4K/U3GDhu+FQ2S8TnK/s2KbIGXi0SZWuwkZ2QNyfWdZW+TVfn84DpEP7rLeCt2UI6bJ8GwbQ==",
      "requires": {
        "anymatch": "~3.1.2",
        "braces": "~3.0.2",
        "fsevents": "~2.3.2",
        "glob-parent": "~5.1.2",
        "is-binary-path": "~2.1.0",
        "is-glob": "~4.0.1",
        "normalize-path": "~3.0.0",
        "readdirp": "~3.6.0"
      }
    },
    "debug": {
      "version": "4.3.2",
      "resolved": "https://registry.npmjs.org/debug/-/debug-4.3.2.tgz",
      "integrity": "sha512-mOp8wKcvj7XxC78zLgw/ZA+6TSgkoE2C/ienthhRD298T7UNwAg9diBpLRxC0mOezLl4B0xV7M0cCO6P/O0Xhw==",
      "requires": {
        "ms": "2.1.2"
      }
    },
    "es-module-lexer": {
      "version": "0.9.3",
      "resolved": "https://registry.npmjs.org/es-module-lexer/-/es-module-lexer-0.9.3.tgz",
      "integrity": "sha512-1HQ2M2sPtxwnvOvT1ZClHyQDiggdNjURWpY2we6aMKCQiUVxTmVs2UYPLIrD84sS+kMdUwfBSylbJPwNnBrnHQ=="
    },
    "esbuild": {
      "version": "0.13.14",
      "resolved": "https://registry.npmjs.org/esbuild/-/esbuild-0.13.14.tgz",
      "integrity": "sha512-xu4D+1ji9x53ocuomcY+KOrwAnWzhBu/wTEjpdgZ8I1c8i5vboYIeigMdzgY1UowYBKa2vZgVgUB32bu7gkxeg==",
      "requires": {
        "esbuild-android-arm64": "0.13.14",
        "esbuild-darwin-64": "0.13.14",
        "esbuild-darwin-arm64": "0.13.14",
        "esbuild-freebsd-64": "0.13.14",
        "esbuild-freebsd-arm64": "0.13.14",
        "esbuild-linux-32": "0.13.14",
        "esbuild-linux-64": "0.13.14",
        "esbuild-linux-arm": "0.13.14",
        "esbuild-linux-arm64": "0.13.14",
        "esbuild-linux-mips64le": "0.13.14",
        "esbuild-linux-ppc64le": "0.13.14",
        "esbuild-netbsd-64": "0.13.14",
        "esbuild-openbsd-64": "0.13.14",
        "esbuild-sunos-64": "0.13.14",
        "esbuild-windows-32": "0.13.14",
        "esbuild-windows-64": "0.13.14",
        "esbuild-windows-arm64": "0.13.14"
      }
    },
    "esbuild-android-arm64": {
      "version": "0.13.14",
      "resolved": "https://registry.npmjs.org/esbuild-android-arm64/-/esbuild-android-arm64-0.13.14.tgz",
      "integrity": "sha512-Q+Xhfp827r+ma8/DJgpMRUbDZfefsk13oePFEXEIJ4gxFbNv5+vyiYXYuKm43/+++EJXpnaYmEnu4hAKbAWYbA==",
      "optional": true
    },
    "esbuild-darwin-64": {
      "version": "0.13.14",
      "resolved": "https://registry.npmjs.org/esbuild-darwin-64/-/esbuild-darwin-64-0.13.14.tgz",
      "integrity": "sha512-YmOhRns6QBNSjpVdTahi/yZ8dscx9ai7a6OY6z5ACgOuQuaQ2Qk2qgJ0/siZ6LgD0gJFMV8UINFV5oky5TFNQQ==",
      "optional": true
    },
    "esbuild-darwin-arm64": {
      "version": "0.13.14",
      "resolved": "https://registry.npmjs.org/esbuild-darwin-arm64/-/esbuild-darwin-arm64-0.13.14.tgz",
      "integrity": "sha512-Lp00VTli2jqZghSa68fx3fEFCPsO1hK59RMo1PRap5RUjhf55OmaZTZYnCDI0FVlCtt+gBwX5qwFt4lc6tI1xg==",
      "optional": true
    },
    "esbuild-freebsd-64": {
      "version": "0.13.14",
      "resolved": "https://registry.npmjs.org/esbuild-freebsd-64/-/esbuild-freebsd-64-0.13.14.tgz",
      "integrity": "sha512-BKosI3jtvTfnmsCW37B1TyxMUjkRWKqopR0CE9AF2ratdpkxdR24Vpe3gLKNyWiZ7BE96/SO5/YfhbPUzY8wKw==",
      "optional": true
    },
    "esbuild-freebsd-arm64": {
      "version": "0.13.14",
      "resolved": "https://registry.npmjs.org/esbuild-freebsd-arm64/-/esbuild-freebsd-arm64-0.13.14.tgz",
      "integrity": "sha512-yd2uh0yf+fWv5114+SYTl4/1oDWtr4nN5Op+PGxAkMqHfYfLjFKpcxwCo/QOS/0NWqPVE8O41IYZlFhbEN2B8Q==",
      "optional": true
    },
    "esbuild-linux-32": {
      "version": "0.13.14",
      "resolved": "https://registry.npmjs.org/esbuild-linux-32/-/esbuild-linux-32-0.13.14.tgz",
      "integrity": "sha512-a8rOnS1oWSfkkYWXoD2yXNV4BdbDKA7PNVQ1klqkY9SoSApL7io66w5H44mTLsfyw7G6Z2vLlaLI2nz9MMAowA==",
      "optional": true
    },
    "esbuild-linux-64": {
      "version": "0.13.14",
      "resolved": "https://registry.npmjs.org/esbuild-linux-64/-/esbuild-linux-64-0.13.14.tgz",
      "integrity": "sha512-yPZSoMs9W2MC3Dw+6kflKt5FfQm6Dicex9dGIr1OlHRsn3Hm7yGMUTctlkW53KknnZdOdcdd5upxvbxqymczVQ==",
      "optional": true
    },
    "esbuild-linux-arm": {
      "version": "0.13.14",
      "resolved": "https://registry.npmjs.org/esbuild-linux-arm/-/esbuild-linux-arm-0.13.14.tgz",
      "integrity": "sha512-8chZE4pkKRvJ/M/iwsNQ1KqsRg2RyU5eT/x2flNt/f8F2TVrDreR7I0HEeCR50wLla3B1C3wTIOzQBmjuc6uWg==",
      "optional": true
    },
    "esbuild-linux-arm64": {
      "version": "0.13.14",
      "resolved": "https://registry.npmjs.org/esbuild-linux-arm64/-/esbuild-linux-arm64-0.13.14.tgz",
      "integrity": "sha512-Lvo391ln9PzC334e+jJ2S0Rt0cxP47eoH5gFyv/E8HhOnEJTvm7A+RRnMjjHnejELacTTfYgFGQYPjLsi/jObQ==",
      "optional": true
    },
    "esbuild-linux-mips64le": {
      "version": "0.13.14",
      "resolved": "https://registry.npmjs.org/esbuild-linux-mips64le/-/esbuild-linux-mips64le-0.13.14.tgz",
      "integrity": "sha512-MZhgxbmrWbpY3TOE029O6l5tokG9+Yoj2hW7vdit/d/VnmneqeGrSHADuDL6qXM8L5jaCiaivb4VhsyVCpdAbQ==",
      "optional": true
    },
    "esbuild-linux-ppc64le": {
      "version": "0.13.14",
      "resolved": "https://registry.npmjs.org/esbuild-linux-ppc64le/-/esbuild-linux-ppc64le-0.13.14.tgz",
      "integrity": "sha512-un7KMwS7fX1Un6BjfSZxTT8L5cV/8Uf4SAhM7WYy2XF8o8TI+uRxxD03svZnRNIPsN2J5cl6qV4n7Iwz+yhhVw==",
      "optional": true
    },
    "esbuild-netbsd-64": {
      "version": "0.13.14",
      "resolved": "https://registry.npmjs.org/esbuild-netbsd-64/-/esbuild-netbsd-64-0.13.14.tgz",
      "integrity": "sha512-5ekKx/YbOmmlTeNxBjh38Uh5TGn5C4uyqN17i67k18pS3J+U2hTVD7rCxcFcRS1AjNWumkVL3jWqYXadFwMS0Q==",
      "optional": true
    },
    "esbuild-openbsd-64": {
      "version": "0.13.14",
      "resolved": "https://registry.npmjs.org/esbuild-openbsd-64/-/esbuild-openbsd-64-0.13.14.tgz",
      "integrity": "sha512-9bzvwewHjct2Cv5XcVoE1yW5YTW12Sk838EYfA46abgnhxGoFSD1mFcaztp5HHC43AsF+hQxbSFG/RilONARUA==",
      "optional": true
    },
    "esbuild-sunos-64": {
      "version": "0.13.14",
      "resolved": "https://registry.npmjs.org/esbuild-sunos-64/-/esbuild-sunos-64-0.13.14.tgz",
      "integrity": "sha512-mjMrZB76M6FmoiTvj/RGWilrioR7gVwtFBRVugr9qLarXMIU1W/pQx+ieEOtflrW61xo8w1fcxyHsVVGRvoQ0w==",
      "optional": true
    },
    "esbuild-windows-32": {
      "version": "0.13.14",
      "resolved": "https://registry.npmjs.org/esbuild-windows-32/-/esbuild-windows-32-0.13.14.tgz",
      "integrity": "sha512-GZa6mrx2rgfbH/5uHg0Rdw50TuOKbdoKCpEBitzmG5tsXBdce+cOL+iFO5joZc6fDVCLW3Y6tjxmSXRk/v20Hg==",
      "optional": true
    },
    "esbuild-windows-64": {
      "version": "0.13.14",
      "resolved": "https://registry.npmjs.org/esbuild-windows-64/-/esbuild-windows-64-0.13.14.tgz",
      "integrity": "sha512-Lsgqah24bT7ClHjLp/Pj3A9wxjhIAJyWQcrOV4jqXAFikmrp2CspA8IkJgw7HFjx6QrJuhpcKVbCAe/xw0i2yw==",
      "optional": true
    },
    "esbuild-windows-arm64": {
      "version": "0.13.14",
      "resolved": "https://registry.npmjs.org/esbuild-windows-arm64/-/esbuild-windows-arm64-0.13.14.tgz",
      "integrity": "sha512-KP8FHVlWGhM7nzYtURsGnskXb/cBCPTfj0gOKfjKq2tHtYnhDZywsUG57nk7TKhhK0fL11LcejHG3LRW9RF/9A==",
      "optional": true
    },
    "fill-range": {
      "version": "7.0.1",
      "resolved": "https://registry.npmjs.org/fill-range/-/fill-range-7.0.1.tgz",
      "integrity": "sha512-qOo9F+dMUmC2Lcb4BbVvnKJxTPjCm+RRpe4gDuGrzkL7mEVl/djYSu2OdQ2Pa302N4oqkSg9ir6jaLWJ2USVpQ==",
      "requires": {
        "to-regex-range": "^5.0.1"
      }
    },
    "find-up": {
      "version": "5.0.0",
      "resolved": "https://registry.npmjs.org/find-up/-/find-up-5.0.0.tgz",
      "integrity": "sha512-78/PXT1wlLLDgTzDs7sjq9hzz0vXD+zn+7wypEe4fXQxCmdmqfGsEPQxmiCSQI3ajFV91bVSsvNtrJRiW6nGng==",
      "requires": {
        "locate-path": "^6.0.0",
        "path-exists": "^4.0.0"
      }
    },
    "follow-redirects": {
      "version": "1.14.5",
      "resolved": "https://registry.npmjs.org/follow-redirects/-/follow-redirects-1.14.5.tgz",
      "integrity": "sha512-wtphSXy7d4/OR+MvIFbCVBDzZ5520qV8XfPklSN5QtxuMUJZ+b0Wnst1e1lCDocfzuCkHqj8k0FpZqO+UIaKNA=="
    },
    "fsevents": {
      "version": "2.3.2",
      "resolved": "https://registry.npmjs.org/fsevents/-/fsevents-2.3.2.tgz",
      "integrity": "sha512-xiqMQR4xAeHTuB9uWm+fFRcIOgKBMiOBP+eXiyT7jsgVCq1bkVygt00oASowB7EdtpOHaaPgKt812P9ab+DDKA==",
      "optional": true
    },
    "function-bind": {
      "version": "1.1.1",
      "resolved": "https://registry.npmjs.org/function-bind/-/function-bind-1.1.1.tgz",
      "integrity": "sha512-yIovAzMX49sF8Yl58fSCWJ5svSLuaibPxXQJFLmBObTuCr0Mf1KiPopGM9NiFjiYBCbfaa2Fh6breQ6ANVTI0A=="
    },
    "glob-parent": {
      "version": "5.1.2",
      "resolved": "https://registry.npmjs.org/glob-parent/-/glob-parent-5.1.2.tgz",
      "integrity": "sha512-AOIgSQCepiJYwP3ARnGx+5VnTu2HBYdzbGP45eLw1vr3zB3vZLeyed1sC9hnbcOc9/SrMyM5RPQrkGz4aS9Zow==",
      "requires": {
        "is-glob": "^4.0.1"
      }
    },
    "has": {
      "version": "1.0.3",
      "resolved": "https://registry.npmjs.org/has/-/has-1.0.3.tgz",
      "integrity": "sha512-f2dvO0VU6Oej7RkWJGrehjbzMAjFp5/VKPp5tTpWIV4JHHZK1/BxbFRtf/siA2SWTe09caDmVtYYzWEIbBS4zw==",
      "requires": {
        "function-bind": "^1.1.1"
      }
    },
    "http-errors": {
      "version": "1.8.1",
      "resolved": "https://registry.npmjs.org/http-errors/-/http-errors-1.8.1.tgz",
      "integrity": "sha512-Kpk9Sm7NmI+RHhnj6OIWDI1d6fIoFAtFt9RLaTMRlg/8w49juAStsrBgp0Dp4OdxdVbRIeKhtCUvoi/RuAhO4g==",
      "requires": {
        "depd": "~1.1.2",
        "inherits": "2.0.4",
        "setprototypeof": "1.2.0",
        "statuses": ">= 1.5.0 < 2",
        "toidentifier": "1.0.1"
      },
      "dependencies": {
        "depd": {
          "version": "1.1.2",
          "resolved": "https://registry.npmjs.org/depd/-/depd-1.1.2.tgz",
          "integrity": "sha1-m81S4UwJd2PnSbJ0xDRu0uVgtak="
        }
      }
    },
    "inherits": {
      "version": "2.0.4",
      "resolved": "https://registry.npmjs.org/inherits/-/inherits-2.0.4.tgz",
      "integrity": "sha512-k/vGaX4/Yla3WzyMCvTQOXYeIHvqOKtnqBduzTHpzpQZzAskKMhZ2K+EnBiSM9zGSoIFeMpXKxa4dYeZIQqewQ=="
    },
    "is-binary-path": {
      "version": "2.1.0",
      "resolved": "https://registry.npmjs.org/is-binary-path/-/is-binary-path-2.1.0.tgz",
      "integrity": "sha512-ZMERYes6pDydyuGidse7OsHxtbI7WVeUEozgR/g7rd0xUimYNlvZRE/K2MgZTjWy725IfelLeVcEM97mmtRGXw==",
      "requires": {
        "binary-extensions": "^2.0.0"
      }
    },
    "is-core-module": {
      "version": "2.8.0",
      "resolved": "https://registry.npmjs.org/is-core-module/-/is-core-module-2.8.0.tgz",
      "integrity": "sha512-vd15qHsaqrRL7dtH6QNuy0ndJmRDrS9HAM1CAiSifNUFv4x1a0CCVsj18hJ1mShxIG6T2i1sO78MkP56r0nYRw==",
      "requires": {
        "has": "^1.0.3"
      }
    },
    "is-extglob": {
      "version": "2.1.1",
      "resolved": "https://registry.npmjs.org/is-extglob/-/is-extglob-2.1.1.tgz",
      "integrity": "sha1-qIwCU1eR8C7TfHahueqXc8gz+MI="
    },
    "is-glob": {
      "version": "4.0.3",
      "resolved": "https://registry.npmjs.org/is-glob/-/is-glob-4.0.3.tgz",
      "integrity": "sha512-xelSayHH36ZgE7ZWhli7pW34hNbNl8Ojv5KVmkJD4hBdD3th8Tfk9vYasLM+mXWOZhFkgZfxhLSnrwRr4elSSg==",
      "requires": {
        "is-extglob": "^2.1.1"
      }
    },
    "is-number": {
      "version": "7.0.0",
      "resolved": "https://registry.npmjs.org/is-number/-/is-number-7.0.0.tgz",
      "integrity": "sha512-41Cifkg6e8TylSpdtTpeLVMqvSBEVzTttHvERD741+pnZ8ANv0004MRL43QKPDlK9cGvNp6NZWZUBlbGXYxxng=="
    },
    "jiti": {
      "version": "1.12.9",
      "resolved": "https://registry.npmjs.org/jiti/-/jiti-1.12.9.tgz",
      "integrity": "sha512-TdcJywkQtcwLxogc4rSMAi479G2eDPzfW0fLySks7TPhgZZ4s/tM6stnzayIh3gS/db3zExWJyUx4cNWrwAmoQ=="
    },
    "koa-compose": {
      "version": "4.1.0",
      "resolved": "https://registry.npmjs.org/koa-compose/-/koa-compose-4.1.0.tgz",
      "integrity": "sha512-8ODW8TrDuMYvXRwra/Kh7/rJo9BtOfPc6qO8eAfC80CnCvSjSl0bkRM24X6/XBBEyj0v1nRUQ1LyOy3dbqOWXw=="
    },
    "koa-router": {
      "version": "10.1.1",
      "resolved": "https://registry.npmjs.org/koa-router/-/koa-router-10.1.1.tgz",
      "integrity": "sha512-z/OzxVjf5NyuNO3t9nJpx7e1oR3FSBAauiwXtMQu4ppcnuNZzTaQ4p21P8A6r2Es8uJJM339oc4oVW+qX7SqnQ==",
      "requires": {
        "debug": "^4.1.1",
        "http-errors": "^1.7.3",
        "koa-compose": "^4.1.0",
        "methods": "^1.1.2",
        "path-to-regexp": "^6.1.0"
      }
    },
    "light-spinner": {
      "version": "1.0.4",
      "resolved": "https://registry.npmjs.org/light-spinner/-/light-spinner-1.0.4.tgz",
      "integrity": "sha512-2ugkvDHNKM0uGNCXDEMXjl8xm4TPDLYCQYFD2Oqd3J6ZL8bIQsjzB++yYgvWU4MX3zd3HYAT/crZtnSFrYIpvA=="
    },
    "locate-path": {
      "version": "6.0.0",
      "resolved": "https://registry.npmjs.org/locate-path/-/locate-path-6.0.0.tgz",
      "integrity": "sha512-iPZK6eYjbxRu3uB4/WZ3EsEIMJFMqAoopl3R+zuq0UjcAm/MO6KCweDgPfP3elTztoKP3KtnVHxTn2NHBSDVUw==",
      "requires": {
        "p-locate": "^5.0.0"
      }
    },
    "methods": {
      "version": "1.1.2",
      "resolved": "https://registry.npmjs.org/methods/-/methods-1.1.2.tgz",
      "integrity": "sha1-VSmk1nZUE07cxSZmVoNbD4Ua/O4="
    },
    "ms": {
      "version": "2.1.2",
      "resolved": "https://registry.npmjs.org/ms/-/ms-2.1.2.tgz",
      "integrity": "sha512-sGkPx+VjMtmA6MX27oA4FBFELFCZZ4S4XqeGOXCv68tT+jb3vk/RyaKWP0PTKyWtmLSM0b+adUTEvbs1PEaH2w=="
    },
    "nanoid": {
      "version": "3.1.30",
      "resolved": "https://registry.npmjs.org/nanoid/-/nanoid-3.1.30.tgz",
      "integrity": "sha512-zJpuPDwOv8D2zq2WRoMe1HsfZthVewpel9CAvTfc/2mBD1uUT/agc5f7GHGWXlYkFvi1mVxe4IjvP2HNrop7nQ=="
    },
    "normalize-path": {
      "version": "3.0.0",
      "resolved": "https://registry.npmjs.org/normalize-path/-/normalize-path-3.0.0.tgz",
      "integrity": "sha512-6eZs5Ls3WtCisHWp9S2GUy8dqkpGi4BVSz3GaqiE6ezub0512ESztXUwUB6C6IKbQkY2Pnb/mD4WYojCRwcwLA=="
    },
    "p-limit": {
      "version": "3.1.0",
      "resolved": "https://registry.npmjs.org/p-limit/-/p-limit-3.1.0.tgz",
      "integrity": "sha512-TYOanM3wGwNGsZN2cVTYPArw454xnXj5qmWF1bEoAc4+cU/ol7GVh7odevjp1FNHduHc3KZMcFduxU5Xc6uJRQ==",
      "requires": {
        "yocto-queue": "^0.1.0"
      }
    },
    "p-locate": {
      "version": "5.0.0",
      "resolved": "https://registry.npmjs.org/p-locate/-/p-locate-5.0.0.tgz",
      "integrity": "sha512-LaNjtRWUBY++zB5nE/NwcaoMylSPk+S+ZHNB1TzdbMJMny6dynpAGt7X/tl/QYq3TIeE6nxHppbo2LGymrG5Pw==",
      "requires": {
        "p-limit": "^3.0.2"
      }
    },
    "path-exists": {
      "version": "4.0.0",
      "resolved": "https://registry.npmjs.org/path-exists/-/path-exists-4.0.0.tgz",
      "integrity": "sha512-ak9Qy5Q7jYb2Wwcey5Fpvg2KoAc/ZIhLSLOSBmRmygPsGwkVVt0fZa0qrtMz+m6tJTAHfZQ8FnmB4MG4LWy7/w=="
    },
    "path-parse": {
      "version": "1.0.7",
      "resolved": "https://registry.npmjs.org/path-parse/-/path-parse-1.0.7.tgz",
      "integrity": "sha512-LDJzPVEEEPR+y48z93A0Ed0yXb8pAByGWo/k5YYdYgpY2/2EsOsksJrq7lOHxryrVOn1ejG6oAp8ahvOIQD8sw=="
    },
    "path-to-regexp": {
      "version": "6.2.0",
      "resolved": "https://registry.npmjs.org/path-to-regexp/-/path-to-regexp-6.2.0.tgz",
      "integrity": "sha512-f66KywYG6+43afgE/8j/GoiNyygk/bnoCbps++3ErRKsIYkGGupyv07R2Ok5m9i67Iqc+T2g1eAUGUPzWhYTyg=="
    },
    "picocolors": {
      "version": "1.0.0",
      "resolved": "https://registry.npmjs.org/picocolors/-/picocolors-1.0.0.tgz",
      "integrity": "sha512-1fygroTLlHu66zi26VoTDv8yRgm0Fccecssto+MhsZ0D/DGW2sm8E8AjW7NU5VVTRt5GxbeZ5qBuJr+HyLYkjQ=="
    },
    "picomatch": {
      "version": "2.3.0",
      "resolved": "https://registry.npmjs.org/picomatch/-/picomatch-2.3.0.tgz",
      "integrity": "sha512-lY1Q/PiJGC2zOv/z391WOTD+Z02bCgsFfvxoXXf6h7kv9o+WmsmzYqrAwY63sNgOxE4xEdq0WyUnXfKeBrSvYw=="
    },
    "pkg-dir": {
      "version": "5.0.0",
      "resolved": "https://registry.npmjs.org/pkg-dir/-/pkg-dir-5.0.0.tgz",
      "integrity": "sha512-NPE8TDbzl/3YQYY7CSS228s3g2ollTFnc+Qi3tqmqJp9Vg2ovUpixcJEo2HJScN2Ez+kEaal6y70c0ehqJBJeA==",
      "requires": {
        "find-up": "^5.0.0"
      }
    },
    "pluralize": {
      "version": "8.0.0",
      "resolved": "https://registry.npmjs.org/pluralize/-/pluralize-8.0.0.tgz",
      "integrity": "sha512-Nc3IT5yHzflTfbjgqWcCPpo7DaKy4FnpB0l/zCAW0Tc7jxAiuqSxHasntB3D7887LSrA93kDJ9IXovxJYxyLCA=="
    },
    "postcss": {
      "version": "8.3.11",
      "resolved": "https://registry.npmjs.org/postcss/-/postcss-8.3.11.tgz",
      "integrity": "sha512-hCmlUAIlUiav8Xdqw3Io4LcpA1DOt7h3LSTAC4G6JGHFFaWzI6qvFt9oilvl8BmkbBRX1IhM90ZAmpk68zccQA==",
      "requires": {
        "nanoid": "^3.1.30",
        "picocolors": "^1.0.0",
        "source-map-js": "^0.6.2"
      }
    },
    "readdirp": {
      "version": "3.6.0",
      "resolved": "https://registry.npmjs.org/readdirp/-/readdirp-3.6.0.tgz",
      "integrity": "sha512-hOS089on8RduqdbhvQ5Z37A0ESjsqz6qnRcffsMU3495FuTdqSm+7bhJ29JvIOsBDEEnan5DPu9t3To9VRlMzA==",
      "requires": {
        "picomatch": "^2.2.1"
      }
    },
    "resolve": {
      "version": "1.20.0",
      "resolved": "https://registry.npmjs.org/resolve/-/resolve-1.20.0.tgz",
      "integrity": "sha512-wENBPt4ySzg4ybFQW2TT1zMQucPK95HSh/nq2CFTZVOGut2+pQvSsgtda4d26YrYcr067wjbmzOG8byDPBX63A==",
      "requires": {
        "is-core-module": "^2.2.0",
        "path-parse": "^1.0.6"
      }
    },
    "rollup": {
      "version": "2.60.0",
      "resolved": "https://registry.npmjs.org/rollup/-/rollup-2.60.0.tgz",
      "integrity": "sha512-cHdv9GWd58v58rdseC8e8XIaPUo8a9cgZpnCMMDGZFDZKEODOiPPEQFXLriWr/TjXzhPPmG5bkAztPsOARIcGQ==",
      "requires": {
        "fsevents": "~2.3.2"
      }
    },
    "setprototypeof": {
      "version": "1.2.0",
      "resolved": "https://registry.npmjs.org/setprototypeof/-/setprototypeof-1.2.0.tgz",
      "integrity": "sha512-E5LDX7Wrp85Kil5bhZv46j8jOeboKq5JMmYM3gVGdGH8xFpPWXUMsNrlODCrkoxMEeNi/XZIwuRvY4XNwYMJpw=="
    },
    "source-map-js": {
      "version": "0.6.2",
      "resolved": "https://registry.npmjs.org/source-map-js/-/source-map-js-0.6.2.tgz",
      "integrity": "sha512-/3GptzWzu0+0MBQFrDKzw/DvvMTUORvgY6k6jd/VS6iCR4RDTKWH6v6WPwQoUO8667uQEf9Oe38DxAYWY5F/Ug=="
    },
    "statuses": {
      "version": "1.5.0",
      "resolved": "https://registry.npmjs.org/statuses/-/statuses-1.5.0.tgz",
      "integrity": "sha1-Fhx9rBd2Wf2YEfQ3cfqZOBR4Yow="
    },
    "to-regex-range": {
      "version": "5.0.1",
      "resolved": "https://registry.npmjs.org/to-regex-range/-/to-regex-range-5.0.1.tgz",
      "integrity": "sha512-65P7iz6X5yEr1cwcgvQxbbIw7Uk3gOy5dIdtZ4rDveLqhrdJP+Li/Hx6tyK0NEb+2GCyneCMJiGqrADCSNk8sQ==",
      "requires": {
        "is-number": "^7.0.0"
      }
    },
    "toidentifier": {
      "version": "1.0.1",
      "resolved": "https://registry.npmjs.org/toidentifier/-/toidentifier-1.0.1.tgz",
      "integrity": "sha512-o5sSPKEkg/DIQNmH43V0/uerLrpzVedkUh8tGNvaeXpfpuwjKenlSox/2O/BTlZUtEe+JG7s5YhEz608PlAHRA=="
    },
    "upath": {
      "version": "2.0.1",
      "resolved": "https://registry.npmjs.org/upath/-/upath-2.0.1.tgz",
      "integrity": "sha512-1uEe95xksV1O0CYKXo8vQvN1JEbtJp7lb7C5U9HMsIp6IVwntkH/oNUzyVNQSd4S1sYk2FpSSW44FqMc8qee5w=="
    },
    "vite": {
      "version": "2.6.14",
      "resolved": "https://registry.npmjs.org/vite/-/vite-2.6.14.tgz",
      "integrity": "sha512-2HA9xGyi+EhY2MXo0+A2dRsqsAG3eFNEVIo12olkWhOmc8LfiM+eMdrXf+Ruje9gdXgvSqjLI9freec1RUM5EA==",
      "requires": {
        "esbuild": "^0.13.2",
        "fsevents": "~2.3.2",
        "postcss": "^8.3.8",
        "resolve": "^1.20.0",
        "rollup": "^2.57.0"
      }
    },
    "yocto-queue": {
      "version": "0.1.0",
      "resolved": "https://registry.npmjs.org/yocto-queue/-/yocto-queue-0.1.0.tgz",
      "integrity": "sha512-rVksvsnNCdJ/ohGc6xgPwyN8eheCxsiLM8mxuE/t/mOVqJewPuO1miLpTHQiRgTKCLexL4MeAFVagts7HmNZ2Q=="
    }
  }
}
